
Microsoft Visual Studio Solution File, Format Version 12.00
# Visual Studio Version 17
VisualStudioVersion = 17.2.32505.173
MinimumVisualStudioVersion = 10.0.40219.1
Project("{FAE04EC0-301F-11D3-BF4B-00C04F79EFBC}") = "LEDChanger", "LEDChanger\LEDChanger.csproj", "{2BA32045-CCF3-477E-B725-B8A4F03C24CF}"
EndProject
Global
	GlobalSection(SolutionConfigurationPlatforms) = preSolution
		Debug|Any CPU = Debug|Any CPU
		Release|Any CPU = Release|Any CPU
	EndGlobalSection
	GlobalSection(ProjectConfigurationPlatforms) = postSolution
		{2BA32045-CCF3-477E-B725-B8A4F03C24CF}.Debug|Any CPU.ActiveCfg = Debug|Any CPU
		{2BA32045-CCF3-477E-B725-B8A4F03C24CF}.Debug|Any CPU.Build.0 = Debug|Any CPU
		{2BA32045-CCF3-477E-B725-B8A4F03C24CF}.Release|Any CPU.ActiveCfg = Release|Any CPU
		{2BA32045-CCF3-477E-B725-B8A4F03C24CF}.Release|Any CPU.Build.0 = Release|Any CPU
	EndGlobalSection
	GlobalSection(SolutionProperties) = preSolution
		HideSolutionNode = FALSE
	EndGlobalSection
	GlobalSection(ExtensibilityGlobals) = postSolution
		SolutionGuid = {55EAC249-1BDF-4665-86FD-45F19F977C40}
	EndGlobalSection
EndGlobal
